
Microsoft Visual Studio Solution File, Format Version 12.00
# Visual Studio Version 17
VisualStudioVersion = 17.0.31912.275
MinimumVisualStudioVersion = 10.0.40219.1
Project("{FAE04EC0-301F-11D3-BF4B-00C04F79EFBC}") = "Class2", "Class2\Class2.csproj", "{B83FBDD6-2B70-4CC6-BA83-3AFDC2200964}"
EndProject
Global
	GlobalSection(SolutionConfigurationPlatforms) = preSolution
		Debug|Any CPU = Debug|Any CPU
		Release|Any CPU = Release|Any CPU
	EndGlobalSection
	GlobalSection(ProjectConfigurationPlatforms) = postSolution
		{B83FBDD6-2B70-4CC6-BA83-3AFDC2200964}.Debug|Any CPU.ActiveCfg = Debug|Any CPU
		{B83FBDD6-2B70-4CC6-BA83-3AFDC2200964}.Debug|Any CPU.Build.0 = Debug|Any CPU
		{B83FBDD6-2B70-4CC6-BA83-3AFDC2200964}.Release|Any CPU.ActiveCfg = Release|Any CPU
		{B83FBDD6-2B70-4CC6-BA83-3AFDC2200964}.Release|Any CPU.Build.0 = Release|Any CPU
	EndGlobalSection
	GlobalSection(SolutionProperties) = preSolution
		HideSolutionNode = FALSE
	EndGlobalSection
	GlobalSection(ExtensibilityGlobals) = postSolution
		SolutionGuid = {3C61BE64-C576-411D-BFEF-DF4428FBC1EE}
	EndGlobalSection
EndGlobal
